github.com/sstallion/go-tools v1.0.1 h1:lPKy89IXk8/a8CXflTktpKJohY5oGSQu5J8vCM6spdA=
github.com/sstallion/go-tools v1.0.1/go.mod h1:y3Rklut4T6cPLmNkaU0obckQpnVSSvAZlB2N87qgUtg=
golang.org/x/sys v0.8.0 h1:EBmGv8NaZBZTWvrbjNoL6HVt+IVy3QDQpJs7VRIw3tU=
golang.org/x/sys v0.8.0/go.mod h1:oPkhp1MJrh7nUepCBck5+mAzfO9JrbApNNgaTdGDITg=
